github.com/hugomods/images v0.12.3 h1:FiHZnFgbxn4SpxdY8harOxhYKA8WhAgibJoHhIe9sdU=
github.com/hugomods/images v0.12.3/go.mod h1:U6Gwj16LKvk66rOMyGFrnF6f0aV8lT89lqOsckOAjYY=
github.com/hugomods/plausible-analytics v0.3.0 h1:WkGgCkNtknw0eIL/iW4H+bCm4ROAbR+H0ilnseHjdLs=
github.com/hugomods/plausible-analytics v0.3.0/go.mod h1:FAZ3u2dDF51TIm1QMY5B9mp3sXFgjEW0uv71+EisX+A=
github.com/hugomods/seo/modules/all v0.1.1 h1:6vrR7vKGHVZugQ2KQQGc2QI4FnJlcTZrCiRgZl1YSlY=
github.com/hugomods/seo/modules/all v0.1.1/go.mod h1:w7Ii7E/jN281VOtDP/XRlCY2Y3IcakX/fOw0QFSzs8s=
github.com/hugomods/seo/modules/alternatives v0.1.1 h1:Y8NdyBhvkSfr43ZKtXvQBgOW9lHL0a6vC1UIZFNbMpo=
github.com/hugomods/seo/modules/alternatives v0.1.1/go.mod h1:y/VmIbVDnJWgcbhw0Rp8PP4RtvLhAx+URfvwl5SrWg0=
github.com/hugomods/seo/modules/base v0.1.3 h1:1RYumYqpmNTamOnoVjhu1u5S8dxx71awYcJaiIuJw60=
github.com/hugomods/seo/modules/base v0.1.3/go.mod h1:kKuDlSh6uMjNAfe4j1RFQze4HwTHVKWuLIRsMwENqxs=
github.com/hugomods/seo/modules/favicons v0.2.2 h1:EMpCg9ef2bexFM8uz4UGCyYtM+X4x/aQWK5/0VaP1Y0=
github.com/hugomods/seo/modules/favicons v0.2.2/go.mod h1:Bb/Se6JHet2xnWBa2vxmePR/gCBptqVB82oy0GwN/Y8=
github.com/hugomods/seo/modules/json-ld v0.2.1 h1:VwBTyhpM2BZwgbmyIx1S3S6/mAlI2ICcPqhs9iOT88s=
github.com/hugomods/seo/modules/json-ld v0.2.1/go.mod h1:6QnApBv1I4/dwIx7u0lMK0pDvKdJhVgcyms77rFOhnQ=
github.com/hugomods/seo/modules/open-graph v0.1.1 h1:7IzWUnvvdbHQpCJWWJEDN1Ekw3cHrQ6wBXL8x6so0cA=
github.com/hugomods/seo/modules/open-graph v0.1.1/go.mod h1:LZ8Pg5t2eri5itVVlndGCjGyBH5zxcCOj3LM4dLehNo=
github.com/hugomods/seo/modules/schema v0.1.3 h1:BoP40It+8jLyLJIk+QDQOS/ioKJvyIsNH81IXJjwxNE=
github.com/hugomods/seo/modules/schema v0.1.3/go.mod h1:BObpqP67u8l/hPm3iy0J5gSO/ZFCG0tYK/vRZ4JoZTw=
github.com/hugomods/seo/modules/translations v0.1.1 h1:FFgOHA5qtkHt1YuyYoLnicrkaVYvEhbbSdT3k+38h4g=
github.com/hugomods/seo/modules/translations v0.1.1/go.mod h1:ARboWQ31UeIwpB2AiN/efWLfplTTjarZRGEgKkkg3CA=
github.com/hugomods/seo/modules/twitter-cards v0.1.1 h1:1cxNnftQ8MdajH48tB46DQ6eoCzrV1dQuVKLiKGFWwM=
github.com/hugomods/seo/modules/twitter-cards v0.1.1/go.mod h1:KA6MA3GbyQZdd3vloDgcTFBoztmqEJI8R59whcSxpf4=
github.com/nanxiaobei/hugo-paper v0.0.0-20260125132454-ea99e0f67ff6 h1:DDBPV5rtTkrZ1Y7EadsGsU0tBj7798TvhySAIU0FAME=
github.com/nanxiaobei/hugo-paper v0.0.0-20260125132454-ea99e0f67ff6/go.mod h1:cS2hTYPgmZ2FkPTQbOiX6vB0yLQcWD067kJx2lkRPVQ=
