github.com/hugomods/images v0.9.0 h1:qPIJisJw5cSN6xsUYpmBeGVQ6tFE8JphJkUhOkumsxI=
github.com/hugomods/images v0.9.0/go.mod h1:U6Gwj16LKvk66rOMyGFrnF6f0aV8lT89lqOsckOAjYY=
github.com/nanxiaobei/hugo-paper v0.0.0-20240117201023-9782859a4acf h1:FwI6gXHzzMzvYJH87zASuR/gs/9dajdoeMZCEBtEQDQ=
github.com/nanxiaobei/hugo-paper v0.0.0-20240117201023-9782859a4acf/go.mod h1:cS2hTYPgmZ2FkPTQbOiX6vB0yLQcWD067kJx2lkRPVQ=
